
Microsoft Visual Studio Solution File, Format Version 12.00
# Visual Studio Version 17
VisualStudioVersion = 17.0.31903.59
MinimumVisualStudioVersion = 10.0.40219.1
Project("{9A19103F-16F7-4668-BE54-9A1E7A4F7556}") = "UnityTools", "UnityTools.csproj", "{950DE73F-6F35-4938-ABB8-05265EDD85BC}"
EndProject
Global
	GlobalSection(SolutionConfigurationPlatforms) = preSolution
		Debug|Any CPU = Debug|Any CPU
		Release|Any CPU = Release|Any CPU
	EndGlobalSection
	GlobalSection(ProjectConfigurationPlatforms) = postSolution
		{950DE73F-6F35-4938-ABB8-05265EDD85BC}.Debug|Any CPU.ActiveCfg = Debug|Any CPU
		{950DE73F-6F35-4938-ABB8-05265EDD85BC}.Debug|Any CPU.Build.0 = Debug|Any CPU
		{950DE73F-6F35-4938-ABB8-05265EDD85BC}.Release|Any CPU.ActiveCfg = Release|Any CPU
		{950DE73F-6F35-4938-ABB8-05265EDD85BC}.Release|Any CPU.Build.0 = Release|Any CPU
	EndGlobalSection
	GlobalSection(SolutionProperties) = preSolution
		HideSolutionNode = FALSE
	EndGlobalSection
	GlobalSection(ExtensibilityGlobals) = postSolution
		SolutionGuid = {67B564CE-AF38-4E62-851F-0155CC5DACF6}
	EndGlobalSection
EndGlobal
